
Microsoft Visual Studio Solution File, Format Version 12.00
# Visual Studio 15
VisualStudioVersion = 15.0.28010.2050
MinimumVisualStudioVersion = 10.0.40219.1
Project("{FAE04EC0-301F-11D3-BF4B-00C04F79EFBC}") = "Lab1.App.Android", "Lab1.App\Lab1.App.Android\Lab1.App.Android.csproj", "{EF811A24-AF7D-4C8F-8DA4-E5FDBA8FB8F8}"
EndProject
Project("{FAE04EC0-301F-11D3-BF4B-00C04F79EFBC}") = "Lab1.App.iOS", "Lab1.App\Lab1.App.iOS\Lab1.App.iOS.csproj", "{3EB62920-7023-4581-9B4F-2D98AFF858C9}"
EndProject
Project("{FAE04EC0-301F-11D3-BF4B-00C04F79EFBC}") = "Lab1.App", "Lab1.App\Lab1.App\Lab1.App.csproj", "{7ACE16A9-45A0-4627-BFC8-4D5FBF085A9C}"
EndProject
Global
	GlobalSection(SolutionConfigurationPlatforms) = preSolution
		Ad-Hoc|Any CPU = Ad-Hoc|Any CPU
		Ad-Hoc|iPhone = Ad-Hoc|iPhone
		Ad-Hoc|iPhoneSimulator = Ad-Hoc|iPhoneSimulator
		AppStore|Any CPU = AppStore|Any CPU
		AppStore|iPhone = AppStore|iPhone
		AppStore|iPhoneSimulator = AppStore|iPhoneSimulator
		Debug|Any CPU = Debug|Any CPU
		Debug|iPhone = Debug|iPhone
		Debug|iPhoneSimulator = Debug|iPhoneSimulator
		Release|Any CPU = Release|Any CPU
		Release|iPhone = Release|iPhone
		Release|iPhoneSimulator = Release|iPhoneSimulator
	EndGlobalSection
	GlobalSection(ProjectConfigurationPlatforms) = postSolution
		{EF811A24-AF7D-4C8F-8DA4-E5FDBA8FB8F8}.Ad-Hoc|Any CPU.ActiveCfg = Release|Any CPU
		{EF811A24-AF7D-4C8F-8DA4-E5FDBA8FB8F8}.Ad-Hoc|Any CPU.Build.0 = Release|Any CPU
		{EF811A24-AF7D-4C8F-8DA4-E5FDBA8FB8F8}.Ad-Hoc|Any CPU.Deploy.0 = Release|Any CPU
		{EF811A24-AF7D-4C8F-8DA4-E5FDBA8FB8F8}.Ad-Hoc|iPhone.ActiveCfg = Release|Any CPU
		{EF811A24-AF7D-4C8F-8DA4-E5FDBA8FB8F8}.Ad-Hoc|iPhone.Build.0 = Release|Any CPU
		{EF811A24-AF7D-4C8F-8DA4-E5FDBA8FB8F8}.Ad-Hoc|iPhone.Deploy.0 = Release|Any CPU
		{EF811A24-AF7D-4C8F-8DA4-E5FDBA8FB8F8}.Ad-Hoc|iPhoneSimulator.ActiveCfg = Release|Any CPU
		{EF811A24-AF7D-4C8F-8DA4-E5FDBA8FB8F8}.Ad-Hoc|iPhoneSimulator.Build.0 = Release|Any CPU
		{EF811A24-AF7D-4C8F-8DA4-E5FDBA8FB8F8}.Ad-Hoc|iPhoneSimulator.Deploy.0 = Release|Any CPU
		{EF811A24-AF7D-4C8F-8DA4-E5FDBA8FB8F8}.AppStore|Any CPU.ActiveCfg = Release|Any CPU
		{EF811A24-AF7D-4C8F-8DA4-E5FDBA8FB8F8}.AppStore|Any CPU.Build.0 = Release|Any CPU
		{EF811A24-AF7D-4C8F-8DA4-E5FDBA8FB8F8}.AppStore|Any CPU.Deploy.0 = Release|Any CPU
		{EF811A24-AF7D-4C8F-8DA4-E5FDBA8FB8F8}.AppStore|iPhone.ActiveCfg = Release|Any CPU
		{EF811A24-AF7D-4C8F-8DA4-E5FDBA8FB8F8}.AppStore|iPhone.Build.0 = Release|Any CPU
		{EF811A24-AF7D-4C8F-8DA4-E5FDBA8FB8F8}.AppStore|iPhone.Deploy.0 = Release|Any CPU
		{EF811A24-AF7D-4C8F-8DA4-E5FDBA8FB8F8}.AppStore|iPhoneSimulator.ActiveCfg = Release|Any CPU
		{EF811A24-AF7D-4C8F-8DA4-E5FDBA8FB8F8}.AppStore|iPhoneSimulator.Build.0 = Release|Any CPU
		{EF811A24-AF7D-4C8F-8DA4-E5FDBA8FB8F8}.AppStore|iPhoneSimulator.Deploy.0 = Release|Any CPU
		{EF811A24-AF7D-4C8F-8DA4-E5FDBA8FB8F8}.Debug|Any CPU.ActiveCfg = Debug|Any CPU
		{EF811A24-AF7D-4C8F-8DA4-E5FDBA8FB8F8}.Debug|Any CPU.Build.0 = Debug|Any CPU
		{EF811A24-AF7D-4C8F-8DA4-E5FDBA8FB8F8}.Debug|Any CPU.Deploy.0 = Debug|Any CPU
		{EF811A24-AF7D-4C8F-8DA4-E5FDBA8FB8F8}.Debug|iPhone.ActiveCfg = Debug|Any CPU
		{EF811A24-AF7D-4C8F-8DA4-E5FDBA8FB8F8}.Debug|iPhone.Build.0 = Debug|Any CPU
		{EF811A24-AF7D-4C8F-8DA4-E5FDBA8FB8F8}.Debug|iPhone.Deploy.0 = Debug|Any CPU
		{EF811A24-AF7D-4C8F-8DA4-E5FDBA8FB8F8}.Debug|iPhoneSimulator.ActiveCfg = Debug|Any CPU
		{EF811A24-AF7D-4C8F-8DA4-E5FDBA8FB8F8}.Debug|iPhoneSimulator.Build.0 = Debug|Any CPU
		{EF811A24-AF7D-4C8F-8DA4-E5FDBA8FB8F8}.Debug|iPhoneSimulator.Deploy.0 = Debug|Any CPU
		{EF811A24-AF7D-4C8F-8DA4-E5FDBA8FB8F8}.Release|Any CPU.ActiveCfg = Release|Any CPU
		{EF811A24-AF7D-4C8F-8DA4-E5FDBA8FB8F8}.Release|Any CPU.Build.0 = Release|Any CPU
		{EF811A24-AF7D-4C8F-8DA4-E5FDBA8FB8F8}.Release|Any CPU.Deploy.0 = Release|Any CPU
		{EF811A24-AF7D-4C8F-8DA4-E5FDBA8FB8F8}.Release|iPhone.ActiveCfg = Release|Any CPU
		{EF811A24-AF7D-4C8F-8DA4-E5FDBA8FB8F8}.Release|iPhone.Build.0 = Release|Any CPU
		{EF811A24-AF7D-4C8F-8DA4-E5FDBA8FB8F8}.Release|iPhone.Deploy.0 = Release|Any CPU
		{EF811A24-AF7D-4C8F-8DA4-E5FDBA8FB8F8}.Release|iPhoneSimulator.ActiveCfg = Release|Any CPU
		{EF811A24-AF7D-4C8F-8DA4-E5FDBA8FB8F8}.Release|iPhoneSimulator.Build.0 = Release|Any CPU
		{EF811A24-AF7D-4C8F-8DA4-E5FDBA8FB8F8}.Release|iPhoneSimulator.Deploy.0 = Release|Any CPU
		{3EB62920-7023-4581-9B4F-2D98AFF858C9}.Ad-Hoc|Any CPU.ActiveCfg = Ad-Hoc|iPhone
		{3EB62920-7023-4581-9B4F-2D98AFF858C9}.Ad-Hoc|Any CPU.Build.0 = Ad-Hoc|iPhone
		{3EB62920-7023-4581-9B4F-2D98AFF858C9}.Ad-Hoc|Any CPU.Deploy.0 = Ad-Hoc|iPhone
		{3EB62920-7023-4581-9B4F-2D98AFF858C9}.Ad-Hoc|iPhone.ActiveCfg = Ad-Hoc|iPhone
		{3EB62920-7023-4581-9B4F-2D98AFF858C9}.Ad-Hoc|iPhone.Build.0 = Ad-Hoc|iPhone
		{3EB62920-7023-4581-9B4F-2D98AFF858C9}.Ad-Hoc|iPhone.Deploy.0 = Ad-Hoc|iPhone
		{3EB62920-7023-4581-9B4F-2D98AFF858C9}.Ad-Hoc|iPhoneSimulator.ActiveCfg = Ad-Hoc|iPhoneSimulator
		{3EB62920-7023-4581-9B4F-2D98AFF858C9}.Ad-Hoc|iPhoneSimulator.Build.0 = Ad-Hoc|iPhoneSimulator
		{3EB62920-7023-4581-9B4F-2D98AFF858C9}.Ad-Hoc|iPhoneSimulator.Deploy.0 = Ad-Hoc|iPhoneSimulator
		{3EB62920-7023-4581-9B4F-2D98AFF858C9}.AppStore|Any CPU.ActiveCfg = AppStore|iPhone
		{3EB62920-7023-4581-9B4F-2D98AFF858C9}.AppStore|Any CPU.Build.0 = AppStore|iPhone
		{3EB62920-7023-4581-9B4F-2D98AFF858C9}.AppStore|Any CPU.Deploy.0 = AppStore|iPhone
		{3EB62920-7023-4581-9B4F-2D98AFF858C9}.AppStore|iPhone.ActiveCfg = AppStore|iPhone
		{3EB62920-7023-4581-9B4F-2D98AFF858C9}.AppStore|iPhone.Build.0 = AppStore|iPhone
		{3EB62920-7023-4581-9B4F-2D98AFF858C9}.AppStore|iPhone.Deploy.0 = AppStore|iPhone
		{3EB62920-7023-4581-9B4F-2D98AFF858C9}.AppStore|iPhoneSimulator.ActiveCfg = AppStore|iPhoneSimulator
		{3EB62920-7023-4581-9B4F-2D98AFF858C9}.AppStore|iPhoneSimulator.Build.0 = AppStore|iPhoneSimulator
		{3EB62920-7023-4581-9B4F-2D98AFF858C9}.AppStore|iPhoneSimulator.Deploy.0 = AppStore|iPhoneSimulator
		{3EB62920-7023-4581-9B4F-2D98AFF858C9}.Debug|Any CPU.ActiveCfg = Debug|iPhoneSimulator
		{3EB62920-7023-4581-9B4F-2D98AFF858C9}.Debug|Any CPU.Build.0 = Debug|iPhoneSimulator
		{3EB62920-7023-4581-9B4F-2D98AFF858C9}.Debug|Any CPU.Deploy.0 = Debug|iPhoneSimulator
		{3EB62920-7023-4581-9B4F-2D98AFF858C9}.Debug|iPhone.ActiveCfg = Debug|iPhone
		{3EB62920-7023-4581-9B4F-2D98AFF858C9}.Debug|iPhone.Build.0 = Debug|iPhone
		{3EB62920-7023-4581-9B4F-2D98AFF858C9}.Debug|iPhone.Deploy.0 = Debug|iPhone
		{3EB62920-7023-4581-9B4F-2D98AFF858C9}.Debug|iPhoneSimulator.ActiveCfg = Debug|iPhoneSimulator
		{3EB62920-7023-4581-9B4F-2D98AFF858C9}.Debug|iPhoneSimulator.Build.0 = Debug|iPhoneSimulator
		{3EB62920-7023-4581-9B4F-2D98AFF858C9}.Debug|iPhoneSimulator.Deploy.0 = Debug|iPhoneSimulator
		{3EB62920-7023-4581-9B4F-2D98AFF858C9}.Release|Any CPU.ActiveCfg = Release|iPhone
		{3EB62920-7023-4581-9B4F-2D98AFF858C9}.Release|Any CPU.Build.0 = Release|iPhone
		{3EB62920-7023-4581-9B4F-2D98AFF858C9}.Release|Any CPU.Deploy.0 = Release|iPhone
		{3EB62920-7023-4581-9B4F-2D98AFF858C9}.Release|iPhone.ActiveCfg = Release|iPhone
		{3EB62920-7023-4581-9B4F-2D98AFF858C9}.Release|iPhone.Build.0 = Release|iPhone
		{3EB62920-7023-4581-9B4F-2D98AFF858C9}.Release|iPhone.Deploy.0 = Release|iPhone
		{3EB62920-7023-4581-9B4F-2D98AFF858C9}.Release|iPhoneSimulator.ActiveCfg = Release|iPhoneSimulator
		{3EB62920-7023-4581-9B4F-2D98AFF858C9}.Release|iPhoneSimulator.Build.0 = Release|iPhoneSimulator
		{3EB62920-7023-4581-9B4F-2D98AFF858C9}.Release|iPhoneSimulator.Deploy.0 = Release|iPhoneSimulator
		{7ACE16A9-45A0-4627-BFC8-4D5FBF085A9C}.Ad-Hoc|Any CPU.ActiveCfg = Debug|Any CPU
		{7ACE16A9-45A0-4627-BFC8-4D5FBF085A9C}.Ad-Hoc|Any CPU.Build.0 = Debug|Any CPU
		{7ACE16A9-45A0-4627-BFC8-4D5FBF085A9C}.Ad-Hoc|Any CPU.Deploy.0 = Debug|Any CPU
		{7ACE16A9-45A0-4627-BFC8-4D5FBF085A9C}.Ad-Hoc|iPhone.ActiveCfg = Debug|Any CPU
		{7ACE16A9-45A0-4627-BFC8-4D5FBF085A9C}.Ad-Hoc|iPhone.Build.0 = Debug|Any CPU
		{7ACE16A9-45A0-4627-BFC8-4D5FBF085A9C}.Ad-Hoc|iPhone.Deploy.0 = Debug|Any CPU
		{7ACE16A9-45A0-4627-BFC8-4D5FBF085A9C}.Ad-Hoc|iPhoneSimulator.ActiveCfg = Debug|Any CPU
		{7ACE16A9-45A0-4627-BFC8-4D5FBF085A9C}.Ad-Hoc|iPhoneSimulator.Build.0 = Debug|Any CPU
		{7ACE16A9-45A0-4627-BFC8-4D5FBF085A9C}.Ad-Hoc|iPhoneSimulator.Deploy.0 = Debug|Any CPU
		{7ACE16A9-45A0-4627-BFC8-4D5FBF085A9C}.AppStore|Any CPU.ActiveCfg = Debug|Any CPU
		{7ACE16A9-45A0-4627-BFC8-4D5FBF085A9C}.AppStore|Any CPU.Build.0 = Debug|Any CPU
		{7ACE16A9-45A0-4627-BFC8-4D5FBF085A9C}.AppStore|Any CPU.Deploy.0 = Debug|Any CPU
		{7ACE16A9-45A0-4627-BFC8-4D5FBF085A9C}.AppStore|iPhone.ActiveCfg = Debug|Any CPU
		{7ACE16A9-45A0-4627-BFC8-4D5FBF085A9C}.AppStore|iPhone.Build.0 = Debug|Any CPU
		{7ACE16A9-45A0-4627-BFC8-4D5FBF085A9C}.AppStore|iPhone.Deploy.0 = Debug|Any CPU
		{7ACE16A9-45A0-4627-BFC8-4D5FBF085A9C}.AppStore|iPhoneSimulator.ActiveCfg = Debug|Any CPU
		{7ACE16A9-45A0-4627-BFC8-4D5FBF085A9C}.AppStore|iPhoneSimulator.Build.0 = Debug|Any CPU
		{7ACE16A9-45A0-4627-BFC8-4D5FBF085A9C}.AppStore|iPhoneSimulator.Deploy.0 = Debug|Any CPU
		{7ACE16A9-45A0-4627-BFC8-4D5FBF085A9C}.Debug|Any CPU.ActiveCfg = Debug|Any CPU
		{7ACE16A9-45A0-4627-BFC8-4D5FBF085A9C}.Debug|Any CPU.Build.0 = Debug|Any CPU
		{7ACE16A9-45A0-4627-BFC8-4D5FBF085A9C}.Debug|Any CPU.Deploy.0 = Debug|Any CPU
		{7ACE16A9-45A0-4627-BFC8-4D5FBF085A9C}.Debug|iPhone.ActiveCfg = Debug|Any CPU
		{7ACE16A9-45A0-4627-BFC8-4D5FBF085A9C}.Debug|iPhone.Build.0 = Debug|Any CPU
		{7ACE16A9-45A0-4627-BFC8-4D5FBF085A9C}.Debug|iPhone.Deploy.0 = Debug|Any CPU
		{7ACE16A9-45A0-4627-BFC8-4D5FBF085A9C}.Debug|iPhoneSimulator.ActiveCfg = Debug|Any CPU
		{7ACE16A9-45A0-4627-BFC8-4D5FBF085A9C}.Debug|iPhoneSimulator.Build.0 = Debug|Any CPU
		{7ACE16A9-45A0-4627-BFC8-4D5FBF085A9C}.Debug|iPhoneSimulator.Deploy.0 = Debug|Any CPU
		{7ACE16A9-45A0-4627-BFC8-4D5FBF085A9C}.Release|Any CPU.ActiveCfg = Release|Any CPU
		{7ACE16A9-45A0-4627-BFC8-4D5FBF085A9C}.Release|Any CPU.Build.0 = Release|Any CPU
		{7ACE16A9-45A0-4627-BFC8-4D5FBF085A9C}.Release|Any CPU.Deploy.0 = Release|Any CPU
		{7ACE16A9-45A0-4627-BFC8-4D5FBF085A9C}.Release|iPhone.ActiveCfg = Release|Any CPU
		{7ACE16A9-45A0-4627-BFC8-4D5FBF085A9C}.Release|iPhone.Build.0 = Release|Any CPU
		{7ACE16A9-45A0-4627-BFC8-4D5FBF085A9C}.Release|iPhone.Deploy.0 = Release|Any CPU
		{7ACE16A9-45A0-4627-BFC8-4D5FBF085A9C}.Release|iPhoneSimulator.ActiveCfg = Release|Any CPU
		{7ACE16A9-45A0-4627-BFC8-4D5FBF085A9C}.Release|iPhoneSimulator.Build.0 = Release|Any CPU
		{7ACE16A9-45A0-4627-BFC8-4D5FBF085A9C}.Release|iPhoneSimulator.Deploy.0 = Release|Any CPU
	EndGlobalSection
	GlobalSection(SolutionProperties) = preSolution
		HideSolutionNode = FALSE
	EndGlobalSection
	GlobalSection(ExtensibilityGlobals) = postSolution
		SolutionGuid = {ED614532-7C2E-4666-838D-9445BF2A88A1}
	EndGlobalSection
EndGlobal
